
Microsoft Visual Studio Solution File, Format Version 12.00
# Visual Studio Version 17
VisualStudioVersion = 17.2.32630.192
MinimumVisualStudioVersion = 10.0.40219.1
Project("{8BC9CEB8-8B4A-11D0-8D11-00A0C91BC942}") = "scheduler_ppid_spoof", "scheduler_ppid_spoof.vcxproj", "{0E3C4533-E7B6-4F9F-B76C-F5C34C6911A8}"
EndProject
Global
	GlobalSection(SolutionConfigurationPlatforms) = preSolution
		Debug|x64 = Debug|x64
		Debug|x86 = Debug|x86
		Release|x64 = Release|x64
		Release|x86 = Release|x86
	EndGlobalSection
	GlobalSection(ProjectConfigurationPlatforms) = postSolution
		{0E3C4533-E7B6-4F9F-B76C-F5C34C6911A8}.Debug|x64.ActiveCfg = Debug|x64
		{0E3C4533-E7B6-4F9F-B76C-F5C34C6911A8}.Debug|x64.Build.0 = Debug|x64
		{0E3C4533-E7B6-4F9F-B76C-F5C34C6911A8}.Debug|x86.ActiveCfg = Debug|Win32
		{0E3C4533-E7B6-4F9F-B76C-F5C34C6911A8}.Debug|x86.Build.0 = Debug|Win32
		{0E3C4533-E7B6-4F9F-B76C-F5C34C6911A8}.Release|x64.ActiveCfg = Release|x64
		{0E3C4533-E7B6-4F9F-B76C-F5C34C6911A8}.Release|x64.Build.0 = Release|x64
		{0E3C4533-E7B6-4F9F-B76C-F5C34C6911A8}.Release|x86.ActiveCfg = Release|Win32
		{0E3C4533-E7B6-4F9F-B76C-F5C34C6911A8}.Release|x86.Build.0 = Release|Win32
	EndGlobalSection
	GlobalSection(SolutionProperties) = preSolution
		HideSolutionNode = FALSE
	EndGlobalSection
	GlobalSection(ExtensibilityGlobals) = postSolution
		SolutionGuid = {1E2FF6BB-A231-4AB6-B4C8-A39E843BAA8D}
	EndGlobalSection
EndGlobal
